
Microsoft Visual Studio Solution File, Format Version 12.00
# Visual Studio Version 17
VisualStudioVersion = 17.14.36221.1 d17.14
MinimumVisualStudioVersion = 10.0.40219.1
Project("{FAE04EC0-301F-11D3-BF4B-00C04F79EFBC}") = "EJ1", "EJ1\EJ1.csproj", "{4FEA9BD9-C6A8-406B-8392-F38A2FA8CB16}"
EndProject
Global
	GlobalSection(SolutionConfigurationPlatforms) = preSolution
		Debug|Any CPU = Debug|Any CPU
		Release|Any CPU = Release|Any CPU
	EndGlobalSection
	GlobalSection(ProjectConfigurationPlatforms) = postSolution
		{4FEA9BD9-C6A8-406B-8392-F38A2FA8CB16}.Debug|Any CPU.ActiveCfg = Debug|Any CPU
		{4FEA9BD9-C6A8-406B-8392-F38A2FA8CB16}.Debug|Any CPU.Build.0 = Debug|Any CPU
		{4FEA9BD9-C6A8-406B-8392-F38A2FA8CB16}.Release|Any CPU.ActiveCfg = Release|Any CPU
		{4FEA9BD9-C6A8-406B-8392-F38A2FA8CB16}.Release|Any CPU.Build.0 = Release|Any CPU
	EndGlobalSection
	GlobalSection(SolutionProperties) = preSolution
		HideSolutionNode = FALSE
	EndGlobalSection
	GlobalSection(ExtensibilityGlobals) = postSolution
		SolutionGuid = {28B7B8CF-F396-461B-9A9D-A72DB2EE14A8}
	EndGlobalSection
EndGlobal
